
Microsoft Visual Studio Solution File, Format Version 12.00
# Visual Studio Version 16
VisualStudioVersion = 16.0.30503.244
MinimumVisualStudioVersion = 10.0.40219.1
Project("{9A19103F-16F7-4668-BE54-9A1E7A4F7556}") = "def", "src\def.csproj", "{B57A7C73-7542-4F8A-A662-2EB70C2E7C37}"
EndProject
Project("{9A19103F-16F7-4668-BE54-9A1E7A4F7556}") = "def-test", "test\def-test.csproj", "{DEBE65A3-0988-4442-9372-72C0E928A985}"
EndProject
Project("{FAE04EC0-301F-11D3-BF4B-00C04F79EFBC}") = "def-doc", "doc\def-doc.csproj", "{AB4CCED1-7CF8-4C76-84E6-75AF6ADACAE6}"
EndProject
Project("{9A19103F-16F7-4668-BE54-9A1E7A4F7556}") = "loaf", "example\loaf\loaf.csproj", "{9CEFCF34-ED1F-47EA-A00C-37ADFAE2978E}"
EndProject
Project("{FAE04EC0-301F-11D3-BF4B-00C04F79EFBC}") = "def-sharpfuzz", "util\sharpfuzz\def-sharpfuzz.csproj", "{D9B8BA36-ECA4-4FF0-A3BB-0B6DD3EBD821}"
EndProject
Global
	GlobalSection(SolutionConfigurationPlatforms) = preSolution
		Debug|Any CPU = Debug|Any CPU
		Debug|x86 = Debug|x86
		Release|Any CPU = Release|Any CPU
		Release|x86 = Release|x86
	EndGlobalSection
	GlobalSection(ProjectConfigurationPlatforms) = postSolution
		{B57A7C73-7542-4F8A-A662-2EB70C2E7C37}.Debug|Any CPU.ActiveCfg = Debug|Any CPU
		{B57A7C73-7542-4F8A-A662-2EB70C2E7C37}.Debug|Any CPU.Build.0 = Debug|Any CPU
		{B57A7C73-7542-4F8A-A662-2EB70C2E7C37}.Debug|x86.ActiveCfg = Debug|Any CPU
		{B57A7C73-7542-4F8A-A662-2EB70C2E7C37}.Debug|x86.Build.0 = Debug|Any CPU
		{B57A7C73-7542-4F8A-A662-2EB70C2E7C37}.Release|Any CPU.ActiveCfg = Release|Any CPU
		{B57A7C73-7542-4F8A-A662-2EB70C2E7C37}.Release|Any CPU.Build.0 = Release|Any CPU
		{B57A7C73-7542-4F8A-A662-2EB70C2E7C37}.Release|x86.ActiveCfg = Release|Any CPU
		{B57A7C73-7542-4F8A-A662-2EB70C2E7C37}.Release|x86.Build.0 = Release|Any CPU
		{DEBE65A3-0988-4442-9372-72C0E928A985}.Debug|Any CPU.ActiveCfg = Debug|Any CPU
		{DEBE65A3-0988-4442-9372-72C0E928A985}.Debug|Any CPU.Build.0 = Debug|Any CPU
		{DEBE65A3-0988-4442-9372-72C0E928A985}.Debug|x86.ActiveCfg = Debug|Any CPU
		{DEBE65A3-0988-4442-9372-72C0E928A985}.Debug|x86.Build.0 = Debug|Any CPU
		{DEBE65A3-0988-4442-9372-72C0E928A985}.Release|Any CPU.ActiveCfg = Release|Any CPU
		{DEBE65A3-0988-4442-9372-72C0E928A985}.Release|Any CPU.Build.0 = Release|Any CPU
		{DEBE65A3-0988-4442-9372-72C0E928A985}.Release|x86.ActiveCfg = Release|Any CPU
		{DEBE65A3-0988-4442-9372-72C0E928A985}.Release|x86.Build.0 = Release|Any CPU
		{AB4CCED1-7CF8-4C76-84E6-75AF6ADACAE6}.Debug|Any CPU.ActiveCfg = Debug|x86
		{AB4CCED1-7CF8-4C76-84E6-75AF6ADACAE6}.Debug|x86.ActiveCfg = Debug|x86
		{AB4CCED1-7CF8-4C76-84E6-75AF6ADACAE6}.Debug|x86.Build.0 = Debug|x86
		{AB4CCED1-7CF8-4C76-84E6-75AF6ADACAE6}.Release|Any CPU.ActiveCfg = Debug|x86
		{AB4CCED1-7CF8-4C76-84E6-75AF6ADACAE6}.Release|Any CPU.Build.0 = Debug|x86
		{AB4CCED1-7CF8-4C76-84E6-75AF6ADACAE6}.Release|x86.ActiveCfg = Debug|x86
		{AB4CCED1-7CF8-4C76-84E6-75AF6ADACAE6}.Release|x86.Build.0 = Debug|x86
		{9CEFCF34-ED1F-47EA-A00C-37ADFAE2978E}.Debug|Any CPU.ActiveCfg = Debug|Any CPU
		{9CEFCF34-ED1F-47EA-A00C-37ADFAE2978E}.Debug|Any CPU.Build.0 = Debug|Any CPU
		{9CEFCF34-ED1F-47EA-A00C-37ADFAE2978E}.Debug|x86.ActiveCfg = Debug|Any CPU
		{9CEFCF34-ED1F-47EA-A00C-37ADFAE2978E}.Debug|x86.Build.0 = Debug|Any CPU
		{9CEFCF34-ED1F-47EA-A00C-37ADFAE2978E}.Release|Any CPU.ActiveCfg = Release|Any CPU
		{9CEFCF34-ED1F-47EA-A00C-37ADFAE2978E}.Release|Any CPU.Build.0 = Release|Any CPU
		{9CEFCF34-ED1F-47EA-A00C-37ADFAE2978E}.Release|x86.ActiveCfg = Release|Any CPU
		{9CEFCF34-ED1F-47EA-A00C-37ADFAE2978E}.Release|x86.Build.0 = Release|Any CPU
		{D9B8BA36-ECA4-4FF0-A3BB-0B6DD3EBD821}.Debug|Any CPU.ActiveCfg = Debug|Any CPU
		{D9B8BA36-ECA4-4FF0-A3BB-0B6DD3EBD821}.Debug|Any CPU.Build.0 = Debug|Any CPU
		{D9B8BA36-ECA4-4FF0-A3BB-0B6DD3EBD821}.Debug|x86.ActiveCfg = Debug|Any CPU
		{D9B8BA36-ECA4-4FF0-A3BB-0B6DD3EBD821}.Debug|x86.Build.0 = Debug|Any CPU
		{D9B8BA36-ECA4-4FF0-A3BB-0B6DD3EBD821}.Release|Any CPU.ActiveCfg = Release|Any CPU
		{D9B8BA36-ECA4-4FF0-A3BB-0B6DD3EBD821}.Release|Any CPU.Build.0 = Release|Any CPU
		{D9B8BA36-ECA4-4FF0-A3BB-0B6DD3EBD821}.Release|x86.ActiveCfg = Release|Any CPU
		{D9B8BA36-ECA4-4FF0-A3BB-0B6DD3EBD821}.Release|x86.Build.0 = Release|Any CPU
	EndGlobalSection
	GlobalSection(SolutionProperties) = preSolution
		HideSolutionNode = FALSE
	EndGlobalSection
	GlobalSection(ExtensibilityGlobals) = postSolution
		SolutionGuid = {6D1A1E0C-0FBC-4E3F-9C89-29C5ACDAC37E}
	EndGlobalSection
EndGlobal
