
Microsoft Visual Studio Solution File, Format Version 12.00
# Visual Studio Version 16
VisualStudioVersion = 16.0.30503.244
MinimumVisualStudioVersion = 10.0.40219.1
Project("{9A19103F-16F7-4668-BE54-9A1E7A4F7556}") = "def", "src\def.csproj", "{B57A7C73-7542-4F8A-A662-2EB70C2E7C37}"
EndProject
Project("{9A19103F-16F7-4668-BE54-9A1E7A4F7556}") = "def-test", "test\def-test.csproj", "{DEBE65A3-0988-4442-9372-72C0E928A985}"
	ProjectSection(ProjectDependencies) = postProject
		{3DE7DD9F-E37D-415E-B426-5F8322D605EE} = {3DE7DD9F-E37D-415E-B426-5F8322D605EE}
	EndProjectSection
EndProject
Project("{FAE04EC0-301F-11D3-BF4B-00C04F79EFBC}") = "def-doc", "doc\def-doc.csproj", "{AB4CCED1-7CF8-4C76-84E6-75AF6ADACAE6}"
EndProject
Project("{9A19103F-16F7-4668-BE54-9A1E7A4F7556}") = "loaf", "example\loaf\loaf.csproj", "{9CEFCF34-ED1F-47EA-A00C-37ADFAE2978E}"
EndProject
Project("{9A19103F-16F7-4668-BE54-9A1E7A4F7556}") = "def-sharpfuzz", "util\sharpfuzz\def-sharpfuzz.csproj", "{D9B8BA36-ECA4-4FF0-A3BB-0B6DD3EBD821}"
EndProject
Project("{9A19103F-16F7-4668-BE54-9A1E7A4F7556}") = "fuzzgen", "util\fuzzgen\fuzzgen.csproj", "{484AD613-37BF-4EC2-8A26-2505DF6D2717}"
	ProjectSection(ProjectDependencies) = postProject
		{3DE7DD9F-E37D-415E-B426-5F8322D605EE} = {3DE7DD9F-E37D-415E-B426-5F8322D605EE}
	EndProjectSection
EndProject
Project("{9A19103F-16F7-4668-BE54-9A1E7A4F7556}") = "defutillib", "util\defutillib\defutillib.csproj", "{3DE7DD9F-E37D-415E-B426-5F8322D605EE}"
	ProjectSection(ProjectDependencies) = postProject
		{B57A7C73-7542-4F8A-A662-2EB70C2E7C37} = {B57A7C73-7542-4F8A-A662-2EB70C2E7C37}
	EndProjectSection
EndProject
Global
	GlobalSection(SolutionConfigurationPlatforms) = preSolution
		Debug 2.1|Any CPU = Debug 2.1|Any CPU
		Debug 3.0|Any CPU = Debug 3.0|Any CPU
		Debug|Any CPU = Debug|Any CPU
		Release 2.1|Any CPU = Release 2.1|Any CPU
		Release 3.0|Any CPU = Release 3.0|Any CPU
		Release|Any CPU = Release|Any CPU
	EndGlobalSection
	GlobalSection(ProjectConfigurationPlatforms) = postSolution
		{B57A7C73-7542-4F8A-A662-2EB70C2E7C37}.Debug 2.1|Any CPU.ActiveCfg = Debug|Any CPU
		{B57A7C73-7542-4F8A-A662-2EB70C2E7C37}.Debug 2.1|Any CPU.Build.0 = Debug|Any CPU
		{B57A7C73-7542-4F8A-A662-2EB70C2E7C37}.Debug 3.0|Any CPU.ActiveCfg = Debug|Any CPU
		{B57A7C73-7542-4F8A-A662-2EB70C2E7C37}.Debug 3.0|Any CPU.Build.0 = Debug|Any CPU
		{B57A7C73-7542-4F8A-A662-2EB70C2E7C37}.Debug|Any CPU.ActiveCfg = Debug|Any CPU
		{B57A7C73-7542-4F8A-A662-2EB70C2E7C37}.Debug|Any CPU.Build.0 = Debug|Any CPU
		{B57A7C73-7542-4F8A-A662-2EB70C2E7C37}.Release 2.1|Any CPU.ActiveCfg = Release|Any CPU
		{B57A7C73-7542-4F8A-A662-2EB70C2E7C37}.Release 2.1|Any CPU.Build.0 = Release|Any CPU
		{B57A7C73-7542-4F8A-A662-2EB70C2E7C37}.Release 3.0|Any CPU.ActiveCfg = Release|Any CPU
		{B57A7C73-7542-4F8A-A662-2EB70C2E7C37}.Release 3.0|Any CPU.Build.0 = Release|Any CPU
		{B57A7C73-7542-4F8A-A662-2EB70C2E7C37}.Release|Any CPU.ActiveCfg = Release|Any CPU
		{B57A7C73-7542-4F8A-A662-2EB70C2E7C37}.Release|Any CPU.Build.0 = Release|Any CPU
		{DEBE65A3-0988-4442-9372-72C0E928A985}.Debug 2.1|Any CPU.ActiveCfg = Debug 2.1|Any CPU
		{DEBE65A3-0988-4442-9372-72C0E928A985}.Debug 2.1|Any CPU.Build.0 = Debug 2.1|Any CPU
		{DEBE65A3-0988-4442-9372-72C0E928A985}.Debug 3.0|Any CPU.ActiveCfg = Debug 3.0|Any CPU
		{DEBE65A3-0988-4442-9372-72C0E928A985}.Debug 3.0|Any CPU.Build.0 = Debug 3.0|Any CPU
		{DEBE65A3-0988-4442-9372-72C0E928A985}.Debug|Any CPU.ActiveCfg = Debug 3.0|Any CPU
		{DEBE65A3-0988-4442-9372-72C0E928A985}.Debug|Any CPU.Build.0 = Debug 3.0|Any CPU
		{DEBE65A3-0988-4442-9372-72C0E928A985}.Release 2.1|Any CPU.ActiveCfg = Release 2.1|Any CPU
		{DEBE65A3-0988-4442-9372-72C0E928A985}.Release 2.1|Any CPU.Build.0 = Release 2.1|Any CPU
		{DEBE65A3-0988-4442-9372-72C0E928A985}.Release 3.0|Any CPU.ActiveCfg = Release 3.0|Any CPU
		{DEBE65A3-0988-4442-9372-72C0E928A985}.Release 3.0|Any CPU.Build.0 = Release 3.0|Any CPU
		{DEBE65A3-0988-4442-9372-72C0E928A985}.Release|Any CPU.ActiveCfg = Release 3.0|Any CPU
		{DEBE65A3-0988-4442-9372-72C0E928A985}.Release|Any CPU.Build.0 = Release 3.0|Any CPU
		{AB4CCED1-7CF8-4C76-84E6-75AF6ADACAE6}.Debug 2.1|Any CPU.ActiveCfg = Debug|x86
		{AB4CCED1-7CF8-4C76-84E6-75AF6ADACAE6}.Debug 3.0|Any CPU.ActiveCfg = Debug|x86
		{AB4CCED1-7CF8-4C76-84E6-75AF6ADACAE6}.Debug|Any CPU.ActiveCfg = Debug|x86
		{AB4CCED1-7CF8-4C76-84E6-75AF6ADACAE6}.Release 2.1|Any CPU.ActiveCfg = Debug|x86
		{AB4CCED1-7CF8-4C76-84E6-75AF6ADACAE6}.Release 3.0|Any CPU.ActiveCfg = Debug|x86
		{AB4CCED1-7CF8-4C76-84E6-75AF6ADACAE6}.Release|Any CPU.ActiveCfg = Debug|x86
		{AB4CCED1-7CF8-4C76-84E6-75AF6ADACAE6}.Release|Any CPU.Build.0 = Debug|x86
		{9CEFCF34-ED1F-47EA-A00C-37ADFAE2978E}.Debug 2.1|Any CPU.ActiveCfg = Debug|Any CPU
		{9CEFCF34-ED1F-47EA-A00C-37ADFAE2978E}.Debug 2.1|Any CPU.Build.0 = Debug|Any CPU
		{9CEFCF34-ED1F-47EA-A00C-37ADFAE2978E}.Debug 3.0|Any CPU.ActiveCfg = Debug|Any CPU
		{9CEFCF34-ED1F-47EA-A00C-37ADFAE2978E}.Debug 3.0|Any CPU.Build.0 = Debug|Any CPU
		{9CEFCF34-ED1F-47EA-A00C-37ADFAE2978E}.Debug|Any CPU.ActiveCfg = Debug|Any CPU
		{9CEFCF34-ED1F-47EA-A00C-37ADFAE2978E}.Debug|Any CPU.Build.0 = Debug|Any CPU
		{9CEFCF34-ED1F-47EA-A00C-37ADFAE2978E}.Release 2.1|Any CPU.ActiveCfg = Release|Any CPU
		{9CEFCF34-ED1F-47EA-A00C-37ADFAE2978E}.Release 2.1|Any CPU.Build.0 = Release|Any CPU
		{9CEFCF34-ED1F-47EA-A00C-37ADFAE2978E}.Release 3.0|Any CPU.ActiveCfg = Release|Any CPU
		{9CEFCF34-ED1F-47EA-A00C-37ADFAE2978E}.Release 3.0|Any CPU.Build.0 = Release|Any CPU
		{9CEFCF34-ED1F-47EA-A00C-37ADFAE2978E}.Release|Any CPU.ActiveCfg = Release|Any CPU
		{9CEFCF34-ED1F-47EA-A00C-37ADFAE2978E}.Release|Any CPU.Build.0 = Release|Any CPU
		{D9B8BA36-ECA4-4FF0-A3BB-0B6DD3EBD821}.Debug 2.1|Any CPU.ActiveCfg = Debug|Any CPU
		{D9B8BA36-ECA4-4FF0-A3BB-0B6DD3EBD821}.Debug 3.0|Any CPU.ActiveCfg = Debug|Any CPU
		{D9B8BA36-ECA4-4FF0-A3BB-0B6DD3EBD821}.Debug|Any CPU.ActiveCfg = Debug|Any CPU
		{D9B8BA36-ECA4-4FF0-A3BB-0B6DD3EBD821}.Debug|Any CPU.Build.0 = Debug|Any CPU
		{D9B8BA36-ECA4-4FF0-A3BB-0B6DD3EBD821}.Release 2.1|Any CPU.ActiveCfg = Release|Any CPU
		{D9B8BA36-ECA4-4FF0-A3BB-0B6DD3EBD821}.Release 3.0|Any CPU.ActiveCfg = Release|Any CPU
		{D9B8BA36-ECA4-4FF0-A3BB-0B6DD3EBD821}.Release|Any CPU.ActiveCfg = Release|Any CPU
		{D9B8BA36-ECA4-4FF0-A3BB-0B6DD3EBD821}.Release|Any CPU.Build.0 = Release|Any CPU
		{484AD613-37BF-4EC2-8A26-2505DF6D2717}.Debug 2.1|Any CPU.ActiveCfg = Debug|Any CPU
		{484AD613-37BF-4EC2-8A26-2505DF6D2717}.Debug 2.1|Any CPU.Build.0 = Debug|Any CPU
		{484AD613-37BF-4EC2-8A26-2505DF6D2717}.Debug 3.0|Any CPU.ActiveCfg = Debug|Any CPU
		{484AD613-37BF-4EC2-8A26-2505DF6D2717}.Debug 3.0|Any CPU.Build.0 = Debug|Any CPU
		{484AD613-37BF-4EC2-8A26-2505DF6D2717}.Debug|Any CPU.ActiveCfg = Debug|Any CPU
		{484AD613-37BF-4EC2-8A26-2505DF6D2717}.Debug|Any CPU.Build.0 = Debug|Any CPU
		{484AD613-37BF-4EC2-8A26-2505DF6D2717}.Release 2.1|Any CPU.ActiveCfg = Release|Any CPU
		{484AD613-37BF-4EC2-8A26-2505DF6D2717}.Release 2.1|Any CPU.Build.0 = Release|Any CPU
		{484AD613-37BF-4EC2-8A26-2505DF6D2717}.Release 3.0|Any CPU.ActiveCfg = Release|Any CPU
		{484AD613-37BF-4EC2-8A26-2505DF6D2717}.Release 3.0|Any CPU.Build.0 = Release|Any CPU
		{484AD613-37BF-4EC2-8A26-2505DF6D2717}.Release|Any CPU.ActiveCfg = Release|Any CPU
		{484AD613-37BF-4EC2-8A26-2505DF6D2717}.Release|Any CPU.Build.0 = Release|Any CPU
		{3DE7DD9F-E37D-415E-B426-5F8322D605EE}.Debug 2.1|Any CPU.ActiveCfg = Debug|Any CPU
		{3DE7DD9F-E37D-415E-B426-5F8322D605EE}.Debug 2.1|Any CPU.Build.0 = Debug|Any CPU
		{3DE7DD9F-E37D-415E-B426-5F8322D605EE}.Debug 3.0|Any CPU.ActiveCfg = Debug|Any CPU
		{3DE7DD9F-E37D-415E-B426-5F8322D605EE}.Debug 3.0|Any CPU.Build.0 = Debug|Any CPU
		{3DE7DD9F-E37D-415E-B426-5F8322D605EE}.Debug|Any CPU.ActiveCfg = Debug|Any CPU
		{3DE7DD9F-E37D-415E-B426-5F8322D605EE}.Debug|Any CPU.Build.0 = Debug|Any CPU
		{3DE7DD9F-E37D-415E-B426-5F8322D605EE}.Release 2.1|Any CPU.ActiveCfg = Release|Any CPU
		{3DE7DD9F-E37D-415E-B426-5F8322D605EE}.Release 2.1|Any CPU.Build.0 = Release|Any CPU
		{3DE7DD9F-E37D-415E-B426-5F8322D605EE}.Release 3.0|Any CPU.ActiveCfg = Release|Any CPU
		{3DE7DD9F-E37D-415E-B426-5F8322D605EE}.Release 3.0|Any CPU.Build.0 = Release|Any CPU
		{3DE7DD9F-E37D-415E-B426-5F8322D605EE}.Release|Any CPU.ActiveCfg = Release|Any CPU
		{3DE7DD9F-E37D-415E-B426-5F8322D605EE}.Release|Any CPU.Build.0 = Release|Any CPU
	EndGlobalSection
	GlobalSection(SolutionProperties) = preSolution
		HideSolutionNode = FALSE
	EndGlobalSection
	GlobalSection(ExtensibilityGlobals) = postSolution
		SolutionGuid = {6D1A1E0C-0FBC-4E3F-9C89-29C5ACDAC37E}
	EndGlobalSection
EndGlobal
